// !$*UTF8*$!
{
	archiveVersion = 1;
	classes = {
	};
	objectVersion = 46;
	objects = {

/* Begin PBXBuildFile section */
		66B3DC9A187C6ACE00469A5E /* Foundation.framework in Frameworks */ = {isa = PBXBuildFile; fileRef = 66B3DC99187C6ACE00469A5E /* Foundation.framework */; };
		66B3DC9C187C6ACE00469A5E /* CoreGraphics.framework in Frameworks */ = {isa = PBXBuildFile; fileRef = 66B3DC9B187C6ACE00469A5E /* CoreGraphics.framework */; };
		66B3DC9E187C6ACE00469A5E /* UIKit.framework in Frameworks */ = {isa = PBXBuildFile; fileRef = 66B3DC9D187C6ACE00469A5E /* UIKit.framework */; };
		66B3DCA0187C6ACE00469A5E /* CoreData.framework in Frameworks */ = {isa = PBXBuildFile; fileRef = 66B3DC9F187C6ACE00469A5E /* CoreData.framework */; };
		66B3DCA6187C6ACE00469A5E /* InfoPlist.strings in Resources */ = {isa = PBXBuildFile; fileRef = 66B3DCA4187C6ACE00469A5E /* InfoPlist.strings */; };
		66B3DCA8187C6ACE00469A5E /* main.m in Sources */ = {isa = PBXBuildFile; fileRef = 66B3DCA7187C6ACE00469A5E /* main.m */; };
		66B3DCAC187C6ACE00469A5E /* AppDelegate.m in Sources */ = {isa = PBXBuildFile; fileRef = 66B3DCAB187C6ACE00469A5E /* AppDelegate.m */; };
		66B3DCAF187C6ACE00469A5E /* Restaurant02.xcdatamodeld in Sources */ = {isa = PBXBuildFile; fileRef = 66B3DCAD187C6ACE00469A5E /* Restaurant02.xcdatamodeld */; };
		66B3DCB1187C6ACE00469A5E /* Images.xcassets in Resources */ = {isa = PBXBuildFile; fileRef = 66B3DCB0187C6ACE00469A5E /* Images.xcassets */; };
		66B3DCB8187C6ACE00469A5E /* XCTest.framework in Frameworks */ = {isa = PBXBuildFile; fileRef = 66B3DCB7187C6ACE00469A5E /* XCTest.framework */; };
		66B3DCB9187C6ACE00469A5E /* Foundation.framework in Frameworks */ = {isa = PBXBuildFile; fileRef = 66B3DC99187C6ACE00469A5E /* Foundation.framework */; };
		66B3DCBA187C6ACE00469A5E /* UIKit.framework in Frameworks */ = {isa = PBXBuildFile; fileRef = 66B3DC9D187C6ACE00469A5E /* UIKit.framework */; };
		66B3DCBB187C6ACE00469A5E /* CoreData.framework in Frameworks */ = {isa = PBXBuildFile; fileRef = 66B3DC9F187C6ACE00469A5E /* CoreData.framework */; };
		66B3DCC3187C6ACE00469A5E /* InfoPlist.strings in Resources */ = {isa = PBXBuildFile; fileRef = 66B3DCC1187C6ACE00469A5E /* InfoPlist.strings */; };
		66B3DCC5187C6ACE00469A5E /* Restaurant02Tests.m in Sources */ = {isa = PBXBuildFile; fileRef = 66B3DCC4187C6ACE00469A5E /* Restaurant02Tests.m */; };
		66B3DCCF187C6B1B00469A5E /* Parse.framework in Frameworks */ = {isa = PBXBuildFile; fileRef = 66B3DCCE187C6B1B00469A5E /* Parse.framework */; };
		66B3DCD3187C6D0B00469A5E /* Food.m in Sources */ = {isa = PBXBuildFile; fileRef = 66B3DCD2187C6D0B00469A5E /* Food.m */; };
		66B3DCDC187C73AE00469A5E /* ListFoodViewController.m in Sources */ = {isa = PBXBuildFile; fileRef = 66B3DCDA187C73AE00469A5E /* ListFoodViewController.m */; };
		66B3DCDD187C73AE00469A5E /* ListFoodViewController.xib in Resources */ = {isa = PBXBuildFile; fileRef = 66B3DCDB187C73AE00469A5E /* ListFoodViewController.xib */; };
/* End PBXBuildFile section */

/* Begin PBXContainerItemProxy section */
		66B3DCBC187C6ACE00469A5E /* PBXContainerItemProxy */ = {
			isa = PBXContainerItemProxy;
			containerPortal = 66B3DC8E187C6ACE00469A5E /* Project object */;
			proxyType = 1;
			remoteGlobalIDString = 66B3DC95187C6ACE00469A5E;
			remoteInfo = Restaurant02;
		};
/* End PBXContainerItemProxy section */

/* Begin PBXFileReference section */
		66B3DC96187C6ACE00469A5E /* Restaurant02.app */ = {isa = PBXFileReference; explicitFileType = wrapper.application; includeInIndex = 0; path = Restaurant02.app; sourceTree = BUILT_PRODUCTS_DIR; };
		66B3DC99187C6ACE00469A5E /* Foundation.framework */ = {isa = PBXFileReference; lastKnownFileType = wrapper.framework; name = Foundation.framework; path = System/Library/Frameworks/Foundation.framework; sourceTree = SDKROOT; };
		66B3DC9B187C6ACE00469A5E /* CoreGraphics.framework */ = {isa = PBXFileReference; lastKnownFileType = wrapper.framework; name = CoreGraphics.framework; path = System/Library/Frameworks/CoreGraphics.framework; sourceTree = SDKROOT; };
		66B3DC9D187C6ACE00469A5E /* UIKit.framework */ = {isa = PBXFileReference; lastKnownFileType = wrapper.framework; name = UIKit.framework; path = System/Library/Frameworks/UIKit.framework; sourceTree = SDKROOT; };
		66B3DC9F187C6ACE00469A5E /* CoreData.framework */ = {isa = PBXFileReference; lastKnownFileType = wrapper.framework; name = CoreData.framework; path = System/Library/Frameworks/CoreData.framework; sourceTree = SDKROOT; };
		66B3DCA3187C6ACE00469A5E /* Restaurant02-Info.plist */ = {isa = PBXFileReference; lastKnownFileType = text.plist.xml; path = "Restaurant02-Info.plist"; sourceTree = "<group>"; };
		66B3DCA5187C6ACE00469A5E /* en */ = {isa = PBXFileReference; lastKnownFileType = text.plist.strings; name = en; path = en.lproj/InfoPlist.strings; sourceTree = "<group>"; };
		66B3DCA7187C6ACE00469A5E /* main.m */ = {isa = PBXFileReference; lastKnownFileType = sourcecode.c.objc; path = main.m; sourceTree = "<group>"; };
		66B3DCA9187C6ACE00469A5E /* Restaurant02-Prefix.pch */ = {isa = PBXFileReference; lastKnownFileType = sourcecode.c.h; path = "Restaurant02-Prefix.pch"; sourceTree = "<group>"; };
		66B3DCAA187C6ACE00469A5E /* AppDelegate.h */ = {isa = PBXFileReference; lastKnownFileType = sourcecode.c.h; path = AppDelegate.h; sourceTree = "<group>"; };
		66B3DCAB187C6ACE00469A5E /* AppDelegate.m */ = {isa = PBXFileReference; lastKnownFileType = sourcecode.c.objc; path = AppDelegate.m; sourceTree = "<group>"; };
		66B3DCAE187C6ACE00469A5E /* Restaurant02.xcdatamodel */ = {isa = PBXFileReference; lastKnownFileType = wrapper.xcdatamodel; path = Restaurant02.xcdatamodel; sourceTree = "<group>"; };
		66B3DCB0187C6ACE00469A5E /* Images.xcassets */ = {isa = PBXFileReference; lastKnownFileType = folder.assetcatalog; path = Images.xcassets; sourceTree = "<group>"; };
		66B3DCB6187C6ACE00469A5E /* Restaurant02Tests.xctest */ = {isa = PBXFileReference; explicitFileType = wrapper.cfbundle; includeInIndex = 0; path = Restaurant02Tests.xctest; sourceTree = BUILT_PRODUCTS_DIR; };
		66B3DCB7187C6ACE00469A5E /* XCTest.framework */ = {isa = PBXFileReference; lastKnownFileType = wrapper.framework; name = XCTest.framework; path = Library/Frameworks/XCTest.framework; sourceTree = DEVELOPER_DIR; };
		66B3DCC0187C6ACE00469A5E /* Restaurant02Tests-Info.plist */ = {isa = PBXFileReference; lastKnownFileType = text.plist.xml; path = "Restaurant02Tests-Info.plist"; sourceTree = "<group>"; };
		66B3DCC2187C6ACE00469A5E /* en */ = {isa = PBXFileReference; lastKnownFileType = text.plist.strings; name = en; path = en.lproj/InfoPlist.strings; sourceTree = "<group>"; };
		66B3DCC4187C6ACE00469A5E /* Restaurant02Tests.m */ = {isa = PBXFileReference; lastKnownFileType = sourcecode.c.objc; path = Restaurant02Tests.m; sourceTree = "<group>"; };
		66B3DCCE187C6B1B00469A5E /* Parse.framework */ = {isa = PBXFileReference; lastKnownFileType = wrapper.framework; path = Parse.framework; sourceTree = "<group>"; };
		66B3DCD1187C6D0B00469A5E /* Food.h */ = {isa = PBXFileReference; fileEncoding = 4; lastKnownFileType = sourcecode.c.h; path = Food.h; sourceTree = "<group>"; };
		66B3DCD2187C6D0B00469A5E /* Food.m */ = {isa = PBXFileReference; fileEncoding = 4; lastKnownFileType = sourcecode.c.objc; path = Food.m; sourceTree = "<group>"; };
		66B3DCD9187C73AE00469A5E /* ListFoodViewController.h */ = {isa = PBXFileReference; fileEncoding = 4; lastKnownFileType = sourcecode.c.h; path = ListFoodViewController.h; sourceTree = "<group>"; };
		66B3DCDA187C73AE00469A5E /* ListFoodViewController.m */ = {isa = PBXFileReference; fileEncoding = 4; lastKnownFileType = sourcecode.c.objc; path = ListFoodViewController.m; sourceTree = "<group>"; };
		66B3DCDB187C73AE00469A5E /* ListFoodViewController.xib */ = {isa = PBXFileReference; fileEncoding = 4; lastKnownFileType = file.xib; path = ListFoodViewController.xib; sourceTree = "<group>"; };
/* End PBXFileReference section */

/* Begin PBXFrameworksBuildPhase section */
		66B3DC93187C6ACE00469A5E /* Frameworks */ = {
			isa = PBXFrameworksBuildPhase;
			buildActionMask = 2147483647;
			files = (
				66B3DC9C187C6ACE00469A5E /* CoreGraphics.framework in Frameworks */,
				66B3DCA0187C6ACE00469A5E /* CoreData.framework in Frameworks */,
				66B3DC9E187C6ACE00469A5E /* UIKit.framework in Frameworks */,
				66B3DC9A187C6ACE00469A5E /* Foundation.framework in Frameworks */,
				66B3DCCF187C6B1B00469A5E /* Parse.framework in Frameworks */,
			);
			runOnlyForDeploymentPostprocessing = 0;
		};
		66B3DCB3187C6ACE00469A5E /* Frameworks */ = {
			isa = PBXFrameworksBuildPhase;
			buildActionMask = 2147483647;
			files = (
				66B3DCB8187C6ACE00469A5E /* XCTest.framework in Frameworks */,
				66B3DCBB187C6ACE00469A5E /* CoreData.framework in Frameworks */,
				66B3DCBA187C6ACE00469A5E /* UIKit.framework in Frameworks */,
				66B3DCB9187C6ACE00469A5E /* Foundation.framework in Frameworks */,
			);
			runOnlyForDeploymentPostprocessing = 0;
		};
/* End PBXFrameworksBuildPhase section */

/* Begin PBXGroup section */
		66B3DC8D187C6ACE00469A5E = {
			isa = PBXGroup;
			children = (
				66B3DCA1187C6ACE00469A5E /* Restaurant02 */,
				66B3DCBE187C6ACE00469A5E /* Restaurant02Tests */,
				66B3DC98187C6ACE00469A5E /* Frameworks */,
				66B3DC97187C6ACE00469A5E /* Products */,
			);
			sourceTree = "<group>";
		};
		66B3DC97187C6ACE00469A5E /* Products */ = {
			isa = PBXGroup;
			children = (
				66B3DC96187C6ACE00469A5E /* Restaurant02.app */,
				66B3DCB6187C6ACE00469A5E /* Restaurant02Tests.xctest */,
			);
			name = Products;
			sourceTree = "<group>";
		};
		66B3DC98187C6ACE00469A5E /* Frameworks */ = {
			isa = PBXGroup;
			children = (
				66B3DCCE187C6B1B00469A5E /* Parse.framework */,
				66B3DC99187C6ACE00469A5E /* Foundation.framework */,
				66B3DC9B187C6ACE00469A5E /* CoreGraphics.framework */,
				66B3DC9D187C6ACE00469A5E /* UIKit.framework */,
				66B3DC9F187C6ACE00469A5E /* CoreData.framework */,
				66B3DCB7187C6ACE00469A5E /* XCTest.framework */,
			);
			name = Frameworks;
			sourceTree = "<group>";
		};
		66B3DCA1187C6ACE00469A5E /* Restaurant02 */ = {
			isa = PBXGroup;
			children = (
				66B3DCD0187C6CF600469A5E /* model */,
				66B3DCAA187C6ACE00469A5E /* AppDelegate.h */,
				66B3DCAB187C6ACE00469A5E /* AppDelegate.m */,
				66B3DCD9187C73AE00469A5E /* ListFoodViewController.h */,
				66B3DCDA187C73AE00469A5E /* ListFoodViewController.m */,
				66B3DCDB187C73AE00469A5E /* ListFoodViewController.xib */,
				66B3DCB0187C6ACE00469A5E /* Images.xcassets */,
				66B3DCAD187C6ACE00469A5E /* Restaurant02.xcdatamodeld */,
				66B3DCA2187C6ACE00469A5E /* Supporting Files */,
			);
			path = Restaurant02;
			sourceTree = "<group>";
		};
		66B3DCA2187C6ACE00469A5E /* Supporting Files */ = {
			isa = PBXGroup;
			children = (
				66B3DCA3187C6ACE00469A5E /* Restaurant02-Info.plist */,
				66B3DCA4187C6ACE00469A5E /* InfoPlist.strings */,
				66B3DCA7187C6ACE00469A5E /* main.m */,
				66B3DCA9187C6ACE00469A5E /* Restaurant02-Prefix.pch */,
			);
			name = "Supporting Files";
			sourceTree = "<group>";
		};
		66B3DCBE187C6ACE00469A5E /* Restaurant02Tests */ = {
			isa = PBXGroup;
			children = (
				66B3DCC4187C6ACE00469A5E /* Restaurant02Tests.m */,
				66B3DCBF187C6ACE00469A5E /* Supporting Files */,
			);
			path = Restaurant02Tests;
			sourceTree = "<group>";
		};
		66B3DCBF187C6ACE00469A5E /* Supporting Files */ = {
			isa = PBXGroup;
			children = (
				66B3DCC0187C6ACE00469A5E /* Restaurant02Tests-Info.plist */,
				66B3DCC1187C6ACE00469A5E /* InfoPlist.strings */,
			);
			name = "Supporting Files";
			sourceTree = "<group>";
		};
		66B3DCD0187C6CF600469A5E /* model */ = {
			isa = PBXGroup;
			children = (
				66B3DCD1187C6D0B00469A5E /* Food.h */,
				66B3DCD2187C6D0B00469A5E /* Food.m */,
			);
			name = model;
			sourceTree = "<group>";
		};
/* End PBXGroup section */

/* Begin PBXNativeTarget section */
		66B3DC95187C6ACE00469A5E /* Restaurant02 */ = {
			isa = PBXNativeTarget;
			buildConfigurationList = 66B3DCC8187C6ACE00469A5E /* Build configuration list for PBXNativeTarget "Restaurant02" */;
			buildPhases = (
				66B3DC92187C6ACE00469A5E /* Sources */,
				66B3DC93187C6ACE00469A5E /* Frameworks */,
				66B3DC94187C6ACE00469A5E /* Resources */,
			);
			buildRules = (
			);
			dependencies = (
			);
			name = Restaurant02;
			productName = Restaurant02;
			productReference = 66B3DC96187C6ACE00469A5E /* Restaurant02.app */;
			productType = "com.apple.product-type.application";
		};
		66B3DCB5187C6ACE00469A5E /* Restaurant02Tests */ = {
			isa = PBXNativeTarget;
			buildConfigurationList = 66B3DCCB187C6ACE00469A5E /* Build configuration list for PBXNativeTarget "Restaurant02Tests" */;
			buildPhases = (
				66B3DCB2187C6ACE00469A5E /* Sources */,
				66B3DCB3187C6ACE00469A5E /* Frameworks */,
				66B3DCB4187C6ACE00469A5E /* Resources */,
			);
			buildRules = (
			);
			dependencies = (
				66B3DCBD187C6ACE00469A5E /* PBXTargetDependency */,
			);
			name = Restaurant02Tests;
			productName = Restaurant02Tests;
			productReference = 66B3DCB6187C6ACE00469A5E /* Restaurant02Tests.xctest */;
			productType = "com.apple.product-type.bundle.unit-test";
		};
/* End PBXNativeTarget section */

/* Begin PBXProject section */
		66B3DC8E187C6ACE00469A5E /* Project object */ = {
			isa = PBXProject;
			attributes = {
				LastUpgradeCheck = 0500;
				ORGANIZATIONNAME = MAC;
				TargetAttributes = {
					66B3DCB5187C6ACE00469A5E = {
						TestTargetID = 66B3DC95187C6ACE00469A5E;
					};
				};
			};
			buildConfigurationList = 66B3DC91187C6ACE00469A5E /* Build configuration list for PBXProject "Restaurant02" */;
			compatibilityVersion = "Xcode 3.2";
			developmentRegion = English;
			hasScannedForEncodings = 0;
			knownRegions = (
				en,
			);
			mainGroup = 66B3DC8D187C6ACE00469A5E;
			productRefGroup = 66B3DC97187C6ACE00469A5E /* Products */;
			projectDirPath = "";
			projectRoot = "";
			targets = (
				66B3DC95187C6ACE00469A5E /* Restaurant02 */,
				66B3DCB5187C6ACE00469A5E /* Restaurant02Tests */,
			);
		};
/* End PBXProject section */

/* Begin PBXResourcesBuildPhase section */
		66B3DC94187C6ACE00469A5E /* Resources */ = {
			isa = PBXResourcesBuildPhase;
			buildActionMask = 2147483647;
			files = (
				66B3DCDD187C73AE00469A5E /* ListFoodViewController.xib in Resources */,
				66B3DCA6187C6ACE00469A5E /* InfoPlist.strings in Resources */,
				66B3DCB1187C6ACE00469A5E /* Images.xcassets in Resources */,
			);
			runOnlyForDeploymentPostprocessing = 0;
		};
		66B3DCB4187C6ACE00469A5E /* Resources */ = {
			isa = PBXResourcesBuildPhase;
			buildActionMask = 2147483647;
			files = (
				66B3DCC3187C6ACE00469A5E /* InfoPlist.strings in Resources */,
			);
			runOnlyForDeploymentPostprocessing = 0;
		};
/* End PBXResourcesBuildPhase section */

/* Begin PBXSourcesBuildPhase section */
		66B3DC92187C6ACE00469A5E /* Sources */ = {
			isa = PBXSourcesBuildPhase;
			buildActionMask = 2147483647;
			files = (
				66B3DCDC187C73AE00469A5E /* ListFoodViewController.m in Sources */,
				66B3DCAC187C6ACE00469A5E /* AppDelegate.m in Sources */,
				66B3DCD3187C6D0B00469A5E /* Food.m in Sources */,
				66B3DCAF187C6ACE00469A5E /* Restaurant02.xcdatamodeld in Sources */,
				66B3DCA8187C6ACE00469A5E /* main.m in Sources */,
			);
			runOnlyForDeploymentPostprocessing = 0;
		};
		66B3DCB2187C6ACE00469A5E /* Sources */ = {
			isa = PBXSourcesBuildPhase;
			buildActionMask = 2147483647;
			files = (
				66B3DCC5187C6ACE00469A5E /* Restaurant02Tests.m in Sources */,
			);
			runOnlyForDeploymentPostprocessing = 0;
		};
/* End PBXSourcesBuildPhase section */

/* Begin PBXTargetDependency section */
		66B3DCBD187C6ACE00469A5E /* PBXTargetDependency */ = {
			isa = PBXTargetDependency;
			target = 66B3DC95187C6ACE00469A5E /* Restaurant02 */;
			targetProxy = 66B3DCBC187C6ACE00469A5E /* PBXContainerItemProxy */;
		};
/* End PBXTargetDependency section */

/* Begin PBXVariantGroup section */
		66B3DCA4187C6ACE00469A5E /* InfoPlist.strings */ = {
			isa = PBXVariantGroup;
			children = (
				66B3DCA5187C6ACE00469A5E /* en */,
			);
			name = InfoPlist.strings;
			sourceTree = "<group>";
		};
		66B3DCC1187C6ACE00469A5E /* InfoPlist.strings */ = {
			isa = PBXVariantGroup;
			children = (
				66B3DCC2187C6ACE00469A5E /* en */,
			);
			name = InfoPlist.strings;
			sourceTree = "<group>";
		};
/* End PBXVariantGroup section */

/* Begin XCBuildConfiguration section */
		66B3DCC6187C6ACE00469A5E /* Debug */ = {
			isa = XCBuildConfiguration;
			buildSettings = {
				ALWAYS_SEARCH_USER_PATHS = NO;
				ARCHS = "$(ARCHS_STANDARD_INCLUDING_64_BIT)";
				CLANG_CXX_LANGUAGE_STANDARD = "gnu++0x";
				CLANG_CXX_LIBRARY = "libc++";
				CLANG_ENABLE_MODULES = YES;
				CLANG_ENABLE_OBJC_ARC = YES;
				CLANG_WARN_BOOL_CONVERSION = YES;
				CLANG_WARN_CONSTANT_CONVERSION = YES;
				CLANG_WARN_DIRECT_OBJC_ISA_USAGE = YES_ERROR;
				CLANG_WARN_EMPTY_BODY = YES;
				CLANG_WARN_ENUM_CONVERSION = YES;
				CLANG_WARN_INT_CONVERSION = YES;
				CLANG_WARN_OBJC_ROOT_CLASS = YES_ERROR;
				CLANG_WARN__DUPLICATE_METHOD_MATCH = YES;
				"CODE_SIGN_IDENTITY[sdk=iphoneos*]" = "iPhone Developer";
				COPY_PHASE_STRIP = NO;
				GCC_C_LANGUAGE_STANDARD = gnu99;
				GCC_DYNAMIC_NO_PIC = NO;
				GCC_OPTIMIZATION_LEVEL = 0;
				GCC_PREPROCESSOR_DEFINITIONS = (
					"DEBUG=1",
					"$(inherited)",
				);
				GCC_SYMBOLS_PRIVATE_EXTERN = NO;
				GCC_WARN_64_TO_32_BIT_CONVERSION = YES;
				GCC_WARN_ABOUT_RETURN_TYPE = YES_ERROR;
				GCC_WARN_UNDECLARED_SELECTOR = YES;
				GCC_WARN_UNINITIALIZED_AUTOS = YES;
				GCC_WARN_UNUSED_FUNCTION = YES;
				GCC_WARN_UNUSED_VARIABLE = YES;
				IPHONEOS_DEPLOYMENT_TARGET = 7.0;
				ONLY_ACTIVE_ARCH = YES;
				SDKROOT = iphoneos;
			};
			name = Debug;
		};
		66B3DCC7187C6ACE00469A5E /* Release */ = {
			isa = XCBuildConfiguration;
			buildSettings = {
				ALWAYS_SEARCH_USER_PATHS = NO;
				ARCHS = "$(ARCHS_STANDARD_INCLUDING_64_BIT)";
				CLANG_CXX_LANGUAGE_STANDARD = "gnu++0x";
				CLANG_CXX_LIBRARY = "libc++";
				CLANG_ENABLE_MODULES = YES;
				CLANG_ENABLE_OBJC_ARC = YES;
				CLANG_WARN_BOOL_CONVERSION = YES;
				CLANG_WARN_CONSTANT_CONVERSION = YES;
				CLANG_WARN_DIRECT_OBJC_ISA_USAGE = YES_ERROR;
				CLANG_WARN_EMPTY_BODY = YES;
				CLANG_WARN_ENUM_CONVERSION = YES;
				CLANG_WARN_INT_CONVERSION = YES;
				CLANG_WARN_OBJC_ROOT_CLASS = YES_ERROR;
				CLANG_WARN__DUPLICATE_METHOD_MATCH = YES;
				"CODE_SIGN_IDENTITY[sdk=iphoneos*]" = "iPhone Developer";
				COPY_PHASE_STRIP = YES;
				ENABLE_NS_ASSERTIONS = NO;
				GCC_C_LANGUAGE_STANDARD = gnu99;
				GCC_WARN_64_TO_32_BIT_CONVERSION = YES;
				GCC_WARN_ABOUT_RETURN_TYPE = YES_ERROR;
				GCC_WARN_UNDECLARED_SELECTOR = YES;
				GCC_WARN_UNINITIALIZED_AUTOS = YES;
				GCC_WARN_UNUSED_FUNCTION = YES;
				GCC_WARN_UNUSED_VARIABLE = YES;
				IPHONEOS_DEPLOYMENT_TARGET = 7.0;
				SDKROOT = iphoneos;
				VALIDATE_PRODUCT = YES;
			};
			name = Release;
		};
		66B3DCC9187C6ACE00469A5E /* Debug */ = {
			isa = XCBuildConfiguration;
			buildSettings = {
				ASSETCATALOG_COMPILER_APPICON_NAME = AppIcon;
				ASSETCATALOG_COMPILER_LAUNCHIMAGE_NAME = LaunchImage;
				FRAMEWORK_SEARCH_PATHS = (
					"$(inherited)",
					/Users/SCN/Documents/Restaurant/Restaurant02,
				);
				GCC_PRECOMPILE_PREFIX_HEADER = YES;
				GCC_PREFIX_HEADER = "Restaurant02/Restaurant02-Prefix.pch";
				INFOPLIST_FILE = "Restaurant02/Restaurant02-Info.plist";
				PRODUCT_NAME = "$(TARGET_NAME)";
				WRAPPER_EXTENSION = app;
			};
			name = Debug;
		};
		66B3DCCA187C6ACE00469A5E /* Release */ = {
			isa = XCBuildConfiguration;
			buildSettings = {
				ASSETCATALOG_COMPILER_APPICON_NAME = AppIcon;
				ASSETCATALOG_COMPILER_LAUNCHIMAGE_NAME = LaunchImage;
				FRAMEWORK_SEARCH_PATHS = (
					"$(inherited)",
					/Users/SCN/Documents/Restaurant/Restaurant02,
				);
				GCC_PRECOMPILE_PREFIX_HEADER = YES;
				GCC_PREFIX_HEADER = "Restaurant02/Restaurant02-Prefix.pch";
				INFOPLIST_FILE = "Restaurant02/Restaurant02-Info.plist";
				PRODUCT_NAME = "$(TARGET_NAME)";
				WRAPPER_EXTENSION = app;
			};
			name = Release;
		};
		66B3DCCC187C6ACE00469A5E /* Debug */ = {
			isa = XCBuildConfiguration;
			buildSettings = {
				ARCHS = "$(ARCHS_STANDARD_INCLUDING_64_BIT)";
				BUNDLE_LOADER = "$(BUILT_PRODUCTS_DIR)/Restaurant02.app/Restaurant02";
				FRAMEWORK_SEARCH_PATHS = (
					"$(SDKROOT)/Developer/Library/Frameworks",
					"$(inherited)",
					"$(DEVELOPER_FRAMEWORKS_DIR)",
				);
				GCC_PRECOMPILE_PREFIX_HEADER = YES;
				GCC_PREFIX_HEADER = "Restaurant02/Restaurant02-Prefix.pch";
				GCC_PREPROCESSOR_DEFINITIONS = (
					"DEBUG=1",
					"$(inherited)",
				);
				INFOPLIST_FILE = "Restaurant02Tests/Restaurant02Tests-Info.plist";
				PRODUCT_NAME = "$(TARGET_NAME)";
				TEST_HOST = "$(BUNDLE_LOADER)";
				WRAPPER_EXTENSION = xctest;
			};
			name = Debug;
		};
		66B3DCCD187C6ACE00469A5E /* Release */ = {
			isa = XCBuildConfiguration;
			buildSettings = {
				ARCHS = "$(ARCHS_STANDARD_INCLUDING_64_BIT)";
				BUNDLE_LOADER = "$(BUILT_PRODUCTS_DIR)/Restaurant02.app/Restaurant02";
				FRAMEWORK_SEARCH_PATHS = (
					"$(SDKROOT)/Developer/Library/Frameworks",
					"$(inherited)",
					"$(DEVELOPER_FRAMEWORKS_DIR)",
				);
				GCC_PRECOMPILE_PREFIX_HEADER = YES;
				GCC_PREFIX_HEADER = "Restaurant02/Restaurant02-Prefix.pch";
				INFOPLIST_FILE = "Restaurant02Tests/Restaurant02Tests-Info.plist";
				PRODUCT_NAME = "$(TARGET_NAME)";
				TEST_HOST = "$(BUNDLE_LOADER)";
				WRAPPER_EXTENSION = xctest;
			};
			name = Release;
		};
/* End XCBuildConfiguration section */

/* Begin XCConfigurationList section */
		66B3DC91187C6ACE00469A5E /* Build configuration list for PBXProject "Restaurant02" */ = {
			isa = XCConfigurationList;
			buildConfigurations = (
				66B3DCC6187C6ACE00469A5E /* Debug */,
				66B3DCC7187C6ACE00469A5E /* Release */,
			);
			defaultConfigurationIsVisible = 0;
			defaultConfigurationName = Release;
		};
		66B3DCC8187C6ACE00469A5E /* Build configuration list for PBXNativeTarget "Restaurant02" */ = {
			isa = XCConfigurationList;
			buildConfigurations = (
				66B3DCC9187C6ACE00469A5E /* Debug */,
				66B3DCCA187C6ACE00469A5E /* Release */,
			);
			defaultConfigurationIsVisible = 0;
		};
		66B3DCCB187C6ACE00469A5E /* Build configuration list for PBXNativeTarget "Restaurant02Tests" */ = {
			isa = XCConfigurationList;
			buildConfigurations = (
				66B3DCCC187C6ACE00469A5E /* Debug */,
				66B3DCCD187C6ACE00469A5E /* Release */,
			);
			defaultConfigurationIsVisible = 0;
		};
/* End XCConfigurationList section */

/* Begin XCVersionGroup section */
		66B3DCAD187C6ACE00469A5E /* Restaurant02.xcdatamodeld */ = {
			isa = XCVersionGroup;
			children = (
				66B3DCAE187C6ACE00469A5E /* Restaurant02.xcdatamodel */,
			);
			currentVersion = 66B3DCAE187C6ACE00469A5E /* Restaurant02.xcdatamodel */;
			path = Restaurant02.xcdatamodeld;
			sourceTree = "<group>";
			versionGroupType = wrapper.xcdatamodel;
		};
/* End XCVersionGroup section */
	};
	rootObject = 66B3DC8E187C6ACE00469A5E /* Project object */;
}
